hash: 6ed17109e02d5cacb4e2619b57347c2f9e62b7007a3a6011edc06d1fd93125f1
updated: 2017-01-20T19:19:33.024758506+09:00
imports:
- name: github.com/mattn/natural
  version: 6b2ca5c8eb9a3bbc5a04c30324d87879a92067e9
- name: github.com/skratchdot/open-golang
  version: 75fb7ed4208cf72d323d7d02fd1a5964a7a9073c
  subpackages:
  - open
- name: github.com/termie/go-shutil
  version: bcacb06fecaeec8dc42af03c87c6949f4a05c74c
testImports:
- name: github.com/minodisk/go-tree
  version: 7721b9292e816749628571cb307cc79deb98c1ad
